
Microsoft Visual Studio Solution File, Format Version 12.00
# Visual Studio Version 17
VisualStudioVersion = 17.13.35931.197 d17.13
MinimumVisualStudioVersion = 10.0.40219.1
Project("{FAE04EC0-301F-11D3-BF4B-00C04F79EFBC}") = "Ejercicio1", "Ejercicio1\Ejercicio1.csproj", "{3486EA12-3330-4B9E-8128-C62D0BC3AA4D}"
EndProject
Global
	GlobalSection(SolutionConfigurationPlatforms) = preSolution
		Debug|Any CPU = Debug|Any CPU
		Release|Any CPU = Release|Any CPU
	EndGlobalSection
	GlobalSection(ProjectConfigurationPlatforms) = postSolution
		{3486EA12-3330-4B9E-8128-C62D0BC3AA4D}.Debug|Any CPU.ActiveCfg = Debug|Any CPU
		{3486EA12-3330-4B9E-8128-C62D0BC3AA4D}.Debug|Any CPU.Build.0 = Debug|Any CPU
		{3486EA12-3330-4B9E-8128-C62D0BC3AA4D}.Release|Any CPU.ActiveCfg = Release|Any CPU
		{3486EA12-3330-4B9E-8128-C62D0BC3AA4D}.Release|Any CPU.Build.0 = Release|Any CPU
	EndGlobalSection
	GlobalSection(SolutionProperties) = preSolution
		HideSolutionNode = FALSE
	EndGlobalSection
	GlobalSection(ExtensibilityGlobals) = postSolution
		SolutionGuid = {F7B8E576-8EE1-4254-B394-0C2B20396405}
	EndGlobalSection
EndGlobal
